
Microsoft Visual Studio Solution File, Format Version 12.00
# Visual Studio Version 17
VisualStudioVersion = 17.3.32922.545
MinimumVisualStudioVersion = 10.0.40219.1
Project("{FAE04EC0-301F-11D3-BF4B-00C04F79EFBC}") = "files", "files\files.csproj", "{C290F610-9B2B-42B6-9692-958ACF84772F}"
EndProject
Global
	GlobalSection(SolutionConfigurationPlatforms) = preSolution
		Debug|Any CPU = Debug|Any CPU
		Release|Any CPU = Release|Any CPU
	EndGlobalSection
	GlobalSection(ProjectConfigurationPlatforms) = postSolution
		{C290F610-9B2B-42B6-9692-958ACF84772F}.Debug|Any CPU.ActiveCfg = Debug|Any CPU
		{C290F610-9B2B-42B6-9692-958ACF84772F}.Debug|Any CPU.Build.0 = Debug|Any CPU
		{C290F610-9B2B-42B6-9692-958ACF84772F}.Release|Any CPU.ActiveCfg = Release|Any CPU
		{C290F610-9B2B-42B6-9692-958ACF84772F}.Release|Any CPU.Build.0 = Release|Any CPU
	EndGlobalSection
	GlobalSection(SolutionProperties) = preSolution
		HideSolutionNode = FALSE
	EndGlobalSection
	GlobalSection(ExtensibilityGlobals) = postSolution
		SolutionGuid = {768E0864-2DC2-4115-A3B5-4F83D1D35AD8}
	EndGlobalSection
EndGlobal
